
Microsoft Visual Studio Solution File, Format Version 12.00
# Visual Studio 2013
VisualStudioVersion = 12.0.30501.0
MinimumVisualStudioVersion = 10.0.40219.1
Project("{FAE04EC0-301F-11D3-BF4B-00C04F79EFBC}") = "BusinessLayer", "BusinessLayer\BusinessLayer.csproj", "{B4AFA325-8266-4389-A69A-AA058F78BE9F}"
EndProject
Project("{FAE04EC0-301F-11D3-BF4B-00C04F79EFBC}") = "DataLayer", "DataLayer\DataLayer.csproj", "{D6321A70-1C34-4536-9DD4-431B06F99D0C}"
EndProject
Project("{FAE04EC0-301F-11D3-BF4B-00C04F79EFBC}") = "BusinessLayer_Tests", "BusinessLayer_Tests\BusinessLayer_Tests.csproj", "{551D0B13-B121-4735-B4D2-193CC69B6022}"
EndProject
Project("{FAE04EC0-301F-11D3-BF4B-00C04F79EFBC}") = "DataLayer_Tests", "DataLayer_Tests\DataLayer_Tests.csproj", "{C8B120E9-7B99-4A93-BD9B-E31745E93A2B}"
EndProject
Project("{FAE04EC0-301F-11D3-BF4B-00C04F79EFBC}") = "web_mvc", "web_mvc\web_mvc.csproj", "{81825C3D-2817-40C2-8EB9-65356F74E41F}"
EndProject
Project("{FAE04EC0-301F-11D3-BF4B-00C04F79EFBC}") = "web_mvc.Tests", "web_mvc.Tests\web_mvc.Tests.csproj", "{93083FDF-2CE2-4EAC-B973-38AB7A7475EE}"
EndProject
Global
	GlobalSection(SolutionConfigurationPlatforms) = preSolution
		Debug|Any CPU = Debug|Any CPU
		Debug|Mixed Platforms = Debug|Mixed Platforms
		Debug|x86 = Debug|x86
		Release|Any CPU = Release|Any CPU
		Release|Mixed Platforms = Release|Mixed Platforms
		Release|x86 = Release|x86
	EndGlobalSection
	GlobalSection(ProjectConfigurationPlatforms) = postSolution
		{B4AFA325-8266-4389-A69A-AA058F78BE9F}.Debug|Any CPU.ActiveCfg = Debug|Any CPU
		{B4AFA325-8266-4389-A69A-AA058F78BE9F}.Debug|Any CPU.Build.0 = Debug|Any CPU
		{B4AFA325-8266-4389-A69A-AA058F78BE9F}.Debug|Mixed Platforms.ActiveCfg = Debug|Any CPU
		{B4AFA325-8266-4389-A69A-AA058F78BE9F}.Debug|Mixed Platforms.Build.0 = Debug|Any CPU
		{B4AFA325-8266-4389-A69A-AA058F78BE9F}.Debug|x86.ActiveCfg = Debug|Any CPU
		{B4AFA325-8266-4389-A69A-AA058F78BE9F}.Release|Any CPU.ActiveCfg = Release|Any CPU
		{B4AFA325-8266-4389-A69A-AA058F78BE9F}.Release|Any CPU.Build.0 = Release|Any CPU
		{B4AFA325-8266-4389-A69A-AA058F78BE9F}.Release|Mixed Platforms.ActiveCfg = Release|Any CPU
		{B4AFA325-8266-4389-A69A-AA058F78BE9F}.Release|Mixed Platforms.Build.0 = Release|Any CPU
		{B4AFA325-8266-4389-A69A-AA058F78BE9F}.Release|x86.ActiveCfg = Release|Any CPU
		{D6321A70-1C34-4536-9DD4-431B06F99D0C}.Debug|Any CPU.ActiveCfg = Debug|Any CPU
		{D6321A70-1C34-4536-9DD4-431B06F99D0C}.Debug|Any CPU.Build.0 = Debug|Any CPU
		{D6321A70-1C34-4536-9DD4-431B06F99D0C}.Debug|Mixed Platforms.ActiveCfg = Debug|Any CPU
		{D6321A70-1C34-4536-9DD4-431B06F99D0C}.Debug|Mixed Platforms.Build.0 = Debug|Any CPU
		{D6321A70-1C34-4536-9DD4-431B06F99D0C}.Debug|x86.ActiveCfg = Debug|Any CPU
		{D6321A70-1C34-4536-9DD4-431B06F99D0C}.Release|Any CPU.ActiveCfg = Release|Any CPU
		{D6321A70-1C34-4536-9DD4-431B06F99D0C}.Release|Any CPU.Build.0 = Release|Any CPU
		{D6321A70-1C34-4536-9DD4-431B06F99D0C}.Release|Mixed Platforms.ActiveCfg = Release|Any CPU
		{D6321A70-1C34-4536-9DD4-431B06F99D0C}.Release|Mixed Platforms.Build.0 = Release|Any CPU
		{D6321A70-1C34-4536-9DD4-431B06F99D0C}.Release|x86.ActiveCfg = Release|Any CPU
		{551D0B13-B121-4735-B4D2-193CC69B6022}.Debug|Any CPU.ActiveCfg = Debug|x86
		{551D0B13-B121-4735-B4D2-193CC69B6022}.Debug|Mixed Platforms.ActiveCfg = Debug|x86
		{551D0B13-B121-4735-B4D2-193CC69B6022}.Debug|Mixed Platforms.Build.0 = Debug|x86
		{551D0B13-B121-4735-B4D2-193CC69B6022}.Debug|x86.ActiveCfg = Debug|x86
		{551D0B13-B121-4735-B4D2-193CC69B6022}.Debug|x86.Build.0 = Debug|x86
		{551D0B13-B121-4735-B4D2-193CC69B6022}.Release|Any CPU.ActiveCfg = Release|x86
		{551D0B13-B121-4735-B4D2-193CC69B6022}.Release|Mixed Platforms.ActiveCfg = Release|x86
		{551D0B13-B121-4735-B4D2-193CC69B6022}.Release|Mixed Platforms.Build.0 = Release|x86
		{551D0B13-B121-4735-B4D2-193CC69B6022}.Release|x86.ActiveCfg = Release|x86
		{551D0B13-B121-4735-B4D2-193CC69B6022}.Release|x86.Build.0 = Release|x86
		{C8B120E9-7B99-4A93-BD9B-E31745E93A2B}.Debug|Any CPU.ActiveCfg = Debug|x86
		{C8B120E9-7B99-4A93-BD9B-E31745E93A2B}.Debug|Mixed Platforms.ActiveCfg = Debug|x86
		{C8B120E9-7B99-4A93-BD9B-E31745E93A2B}.Debug|Mixed Platforms.Build.0 = Debug|x86
		{C8B120E9-7B99-4A93-BD9B-E31745E93A2B}.Debug|x86.ActiveCfg = Debug|x86
		{C8B120E9-7B99-4A93-BD9B-E31745E93A2B}.Debug|x86.Build.0 = Debug|x86
		{C8B120E9-7B99-4A93-BD9B-E31745E93A2B}.Release|Any CPU.ActiveCfg = Release|x86
		{C8B120E9-7B99-4A93-BD9B-E31745E93A2B}.Release|Mixed Platforms.ActiveCfg = Release|x86
		{C8B120E9-7B99-4A93-BD9B-E31745E93A2B}.Release|Mixed Platforms.Build.0 = Release|x86
		{C8B120E9-7B99-4A93-BD9B-E31745E93A2B}.Release|x86.ActiveCfg = Release|x86
		{C8B120E9-7B99-4A93-BD9B-E31745E93A2B}.Release|x86.Build.0 = Release|x86
		{81825C3D-2817-40C2-8EB9-65356F74E41F}.Debug|Any CPU.ActiveCfg = Debug|Any CPU
		{81825C3D-2817-40C2-8EB9-65356F74E41F}.Debug|Any CPU.Build.0 = Debug|Any CPU
		{81825C3D-2817-40C2-8EB9-65356F74E41F}.Debug|Mixed Platforms.ActiveCfg = Debug|Any CPU
		{81825C3D-2817-40C2-8EB9-65356F74E41F}.Debug|Mixed Platforms.Build.0 = Debug|Any CPU
		{81825C3D-2817-40C2-8EB9-65356F74E41F}.Debug|x86.ActiveCfg = Debug|Any CPU
		{81825C3D-2817-40C2-8EB9-65356F74E41F}.Release|Any CPU.ActiveCfg = Release|Any CPU
		{81825C3D-2817-40C2-8EB9-65356F74E41F}.Release|Any CPU.Build.0 = Release|Any CPU
		{81825C3D-2817-40C2-8EB9-65356F74E41F}.Release|Mixed Platforms.ActiveCfg = Release|Any CPU
		{81825C3D-2817-40C2-8EB9-65356F74E41F}.Release|Mixed Platforms.Build.0 = Release|Any CPU
		{81825C3D-2817-40C2-8EB9-65356F74E41F}.Release|x86.ActiveCfg = Release|Any CPU
		{93083FDF-2CE2-4EAC-B973-38AB7A7475EE}.Debug|Any CPU.ActiveCfg = Debug|Any CPU
		{93083FDF-2CE2-4EAC-B973-38AB7A7475EE}.Debug|Any CPU.Build.0 = Debug|Any CPU
		{93083FDF-2CE2-4EAC-B973-38AB7A7475EE}.Debug|Mixed Platforms.ActiveCfg = Debug|Any CPU
		{93083FDF-2CE2-4EAC-B973-38AB7A7475EE}.Debug|Mixed Platforms.Build.0 = Debug|Any CPU
		{93083FDF-2CE2-4EAC-B973-38AB7A7475EE}.Debug|x86.ActiveCfg = Debug|Any CPU
		{93083FDF-2CE2-4EAC-B973-38AB7A7475EE}.Release|Any CPU.ActiveCfg = Release|Any CPU
		{93083FDF-2CE2-4EAC-B973-38AB7A7475EE}.Release|Any CPU.Build.0 = Release|Any CPU
		{93083FDF-2CE2-4EAC-B973-38AB7A7475EE}.Release|Mixed Platforms.ActiveCfg = Release|Any CPU
		{93083FDF-2CE2-4EAC-B973-38AB7A7475EE}.Release|Mixed Platforms.Build.0 = Release|Any CPU
		{93083FDF-2CE2-4EAC-B973-38AB7A7475EE}.Release|x86.ActiveCfg = Release|Any CPU
	EndGlobalSection
	GlobalSection(SolutionProperties) = preSolution
		HideSolutionNode = FALSE
	EndGlobalSection
EndGlobal
